
Microsoft Visual Studio Solution File, Format Version 12.00
# Visual Studio 2013
VisualStudioVersion = 12.0.21005.1
MinimumVisualStudioVersion = 10.0.40219.1
Project("{FAE04EC0-301F-11D3-BF4B-00C04F79EFBC}") = "TinyLeon.Component.Utility", "TinyLeon.Utility\TinyLeon.Component.Utility.csproj", "{9E16081E-8849-49E4-AB2B-7ADB716563DA}"
EndProject
Project("{FAE04EC0-301F-11D3-BF4B-00C04F79EFBC}") = "TinyLeon.Component.Test", "TinyLeon.Utility.Test\TinyLeon.Component.Test.csproj", "{516BD9D4-38E7-4BB1-B15F-0169ED69E415}"
EndProject
Project("{FAE04EC0-301F-11D3-BF4B-00C04F79EFBC}") = "TinyLeon.Component.MongoDB", "TinyLeon.Component.MongoDB\TinyLeon.Component.MongoDB.csproj", "{8A6CBF52-DE0C-4585-86BF-4A394EB8B94D}"
EndProject
Project("{FAE04EC0-301F-11D3-BF4B-00C04F79EFBC}") = "TinyLeon.Sort", "TinyLeon.Sort\TinyLeon.Sort.csproj", "{D5EEB83F-E571-496E-AD74-230A621B471F}"
EndProject
Project("{FAE04EC0-301F-11D3-BF4B-00C04F79EFBC}") = "TinyLeon.Component.DataAccess", "TinyLeon.Component.DataAccess\TinyLeon.Component.DataAccess.csproj", "{DCE114C4-A7AF-4518-BD91-1F9FB561C6DC}"
EndProject
Global
	GlobalSection(SolutionConfigurationPlatforms) = preSolution
		Debug|Any CPU = Debug|Any CPU
		Release|Any CPU = Release|Any CPU
	EndGlobalSection
	GlobalSection(ProjectConfigurationPlatforms) = postSolution
		{9E16081E-8849-49E4-AB2B-7ADB716563DA}.Debug|Any CPU.ActiveCfg = Debug|Any CPU
		{9E16081E-8849-49E4-AB2B-7ADB716563DA}.Debug|Any CPU.Build.0 = Debug|Any CPU
		{9E16081E-8849-49E4-AB2B-7ADB716563DA}.Release|Any CPU.ActiveCfg = Release|Any CPU
		{9E16081E-8849-49E4-AB2B-7ADB716563DA}.Release|Any CPU.Build.0 = Release|Any CPU
		{516BD9D4-38E7-4BB1-B15F-0169ED69E415}.Debug|Any CPU.ActiveCfg = Debug|Any CPU
		{516BD9D4-38E7-4BB1-B15F-0169ED69E415}.Debug|Any CPU.Build.0 = Debug|Any CPU
		{516BD9D4-38E7-4BB1-B15F-0169ED69E415}.Release|Any CPU.ActiveCfg = Release|Any CPU
		{516BD9D4-38E7-4BB1-B15F-0169ED69E415}.Release|Any CPU.Build.0 = Release|Any CPU
		{8A6CBF52-DE0C-4585-86BF-4A394EB8B94D}.Debug|Any CPU.ActiveCfg = Debug|Any CPU
		{8A6CBF52-DE0C-4585-86BF-4A394EB8B94D}.Debug|Any CPU.Build.0 = Debug|Any CPU
		{8A6CBF52-DE0C-4585-86BF-4A394EB8B94D}.Release|Any CPU.ActiveCfg = Release|Any CPU
		{8A6CBF52-DE0C-4585-86BF-4A394EB8B94D}.Release|Any CPU.Build.0 = Release|Any CPU
		{D5EEB83F-E571-496E-AD74-230A621B471F}.Debug|Any CPU.ActiveCfg = Debug|Any CPU
		{D5EEB83F-E571-496E-AD74-230A621B471F}.Debug|Any CPU.Build.0 = Debug|Any CPU
		{D5EEB83F-E571-496E-AD74-230A621B471F}.Release|Any CPU.ActiveCfg = Release|Any CPU
		{D5EEB83F-E571-496E-AD74-230A621B471F}.Release|Any CPU.Build.0 = Release|Any CPU
		{DCE114C4-A7AF-4518-BD91-1F9FB561C6DC}.Debug|Any CPU.ActiveCfg = Debug|Any CPU
		{DCE114C4-A7AF-4518-BD91-1F9FB561C6DC}.Debug|Any CPU.Build.0 = Debug|Any CPU
		{DCE114C4-A7AF-4518-BD91-1F9FB561C6DC}.Release|Any CPU.ActiveCfg = Release|Any CPU
		{DCE114C4-A7AF-4518-BD91-1F9FB561C6DC}.Release|Any CPU.Build.0 = Release|Any CPU
	EndGlobalSection
	GlobalSection(SolutionProperties) = preSolution
		HideSolutionNode = FALSE
	EndGlobalSection
EndGlobal
